
Microsoft Visual Studio Solution File, Format Version 12.00
# Visual Studio Version 17
VisualStudioVersion = 17.4.33103.184
MinimumVisualStudioVersion = 10.0.40219.1
Project("{FAE04EC0-301F-11D3-BF4B-00C04F79EFBC}") = "Practice", "Practice\Practice.csproj", "{35A7FEF5-A785-4E28-BE8F-2AA28D32EA29}"
EndProject
Project("{FAE04EC0-301F-11D3-BF4B-00C04F79EFBC}") = "Automov_Pilot", "Automov\Automov_Pilot.csproj", "{12314104-93CC-4C4F-B129-D215FA6C3924}"
EndProject
Global
	GlobalSection(SolutionConfigurationPlatforms) = preSolution
		Debug|Any CPU = Debug|Any CPU
		Release|Any CPU = Release|Any CPU
	EndGlobalSection
	GlobalSection(ProjectConfigurationPlatforms) = postSolution
		{35A7FEF5-A785-4E28-BE8F-2AA28D32EA29}.Debug|Any CPU.ActiveCfg = Debug|Any CPU
		{35A7FEF5-A785-4E28-BE8F-2AA28D32EA29}.Debug|Any CPU.Build.0 = Debug|Any CPU
		{35A7FEF5-A785-4E28-BE8F-2AA28D32EA29}.Release|Any CPU.ActiveCfg = Release|Any CPU
		{35A7FEF5-A785-4E28-BE8F-2AA28D32EA29}.Release|Any CPU.Build.0 = Release|Any CPU
		{12314104-93CC-4C4F-B129-D215FA6C3924}.Debug|Any CPU.ActiveCfg = Debug|Any CPU
		{12314104-93CC-4C4F-B129-D215FA6C3924}.Debug|Any CPU.Build.0 = Debug|Any CPU
		{12314104-93CC-4C4F-B129-D215FA6C3924}.Release|Any CPU.ActiveCfg = Release|Any CPU
		{12314104-93CC-4C4F-B129-D215FA6C3924}.Release|Any CPU.Build.0 = Release|Any CPU
	EndGlobalSection
	GlobalSection(SolutionProperties) = preSolution
		HideSolutionNode = FALSE
	EndGlobalSection
	GlobalSection(ExtensibilityGlobals) = postSolution
		SolutionGuid = {AE317187-19F9-4424-9C28-FCE704CBF20B}
	EndGlobalSection
EndGlobal
